<?xml version="1.0" encoding="utf-8"?>
<Project ToolsVersion="4.0" xmlns="http://schemas.microsoft.com/developer/msbuild/2003">
  <ItemGroup>
    <Filter Include="Main Program">
      <UniqueIdentifier>{4FC737F1-C7A5-4376-A066-2A32D752A2FF}</UniqueIdentifier>
      <Extensions>cpp;c;cc;cxx;c++;cppm;ixx;def;odl;idl;hpj;bat;asm;asmx</Extensions>
    </Filter>
    <Filter Include="Shaders">
      <UniqueIdentifier>{67DA6AB6-F800-4c08-8B7A-83BB121AAD01}</UniqueIdentifier>
      <Extensions>rc;ico;cur;bmp;dlg;rc2;rct;bin;rgs;gif;jpg;jpeg;jpe;resx;tiff;tif;png;wav;mfcribbon-ms</Extensions>
    </Filter>
    <Filter Include="Window Applicaiton">
      <UniqueIdentifier>{a431b0b9-b6bd-4a18-9f35-ba01e5561508}</UniqueIdentifier>
    </Filter>
    <Filter Include="DirectX11">
      <UniqueIdentifier>{93995380-89BD-4b04-88EB-625FBE52EBFB}</UniqueIdentifier>
      <Extensions>h;hh;hpp;hxx;h++;hm;inl;inc;ipp;xsd</Extensions>
    </Filter>
  </ItemGroup>
  <ItemGroup>
    <ClCompile Include="main.cpp">
      <Filter>Main Program</Filter>
    </ClCompile>
    <ClCompile Include="window.cpp">
      <Filter>Window Applicaiton</Filter>
    </ClCompile>
    <ClCompile Include="renderPass.cpp">
      <Filter>DirectX11</Filter>
    </ClCompile>
    <ClCompile Include="swapChain.cpp">
      <Filter>DirectX11</Filter>
    </ClCompile>
    <ClCompile Include="device.cpp">
      <Filter>DirectX11</Filter>
    </ClCompile>
  </ItemGroup>
  <ItemGroup>
    <ClInclude Include="main.h">
      <Filter>Main Program</Filter>
    </ClInclude>
    <ClInclude Include="window.h">
      <Filter>Window Applicaiton</Filter>
    </ClInclude>
    <ClInclude Include="renderPass.h">
      <Filter>DirectX11</Filter>
    </ClInclude>
    <ClInclude Include="swapChain.h">
      <Filter>DirectX11</Filter>
    </ClInclude>
    <ClInclude Include="device.h">
      <Filter>DirectX11</Filter>
    </ClInclude>
  </ItemGroup>
  <ItemGroup>
    <FxCompile Include="pixelShader.hlsl">
      <Filter>Shaders</Filter>
    </FxCompile>
    <FxCompile Include="vertexShader.hlsl">
      <Filter>Shaders</Filter>
    </FxCompile>
  </ItemGroup>
</Project>